{
  "originHash" : "0ac1feec9af08a1eeb8ebe98ebf814260af370bf44a31ad142f9fd7fec6fe251",
  "pins" : [
    {
      "identity" : "yoga",
      "kind" : "remoteSourceControl",
      "location" : "https://github.com/facebook/yoga.git",
      "state" : {
        "revision" : "042f5013152eb81c1552dec945b88f7b95ca350f",
        "version" : "3.2.1"
      }
    }
  ],
  "version" : 3
}
